
Microsoft Visual Studio Solution File, Format Version 12.00
Project("{FAE04EC0-301F-11D3-BF4B-00C04F79EFBC}") = "PathCase.MVC", "PathCase.MVC\PathCase.MVC.csproj", "{ED1A0EA0-E5F6-4826-94CB-8D1A8CD8ABB1}"
EndProject
Project("{FAE04EC0-301F-11D3-BF4B-00C04F79EFBC}") = "PathCase.IdentityServer", "PathCase.IdentityServer\PathCase.IdentityServer.csproj", "{B70AE1C8-53FF-4AD3-BD00-2174518EF222}"
EndProject
Project("{FAE04EC0-301F-11D3-BF4B-00C04F79EFBC}") = "PathCase.Domain", "PathCase.Domain\PathCase.Domain.csproj", "{01A992B1-99B4-40A4-99CA-0CCEEBB5EF1A}"
EndProject
Project("{FAE04EC0-301F-11D3-BF4B-00C04F79EFBC}") = "PathCase.Infrastructure", "PathCase.Infrastructure\PathCase.Infrastructure.csproj", "{8F9CEE60-EC31-404E-BF42-AF89F0070A50}"
EndProject
Project("{FAE04EC0-301F-11D3-BF4B-00C04F79EFBC}") = "PathCase.Models", "PathCase.Models\PathCase.Models.csproj", "{5FCE8865-39E7-4B61-8B6C-73108859EC25}"
EndProject
Project("{FAE04EC0-301F-11D3-BF4B-00C04F79EFBC}") = "PathCase.Core", "PathCase.Core\PathCase.Core.csproj", "{1A26A467-D731-4BA2-8C0D-87EBD384F3DE}"
EndProject
Global
	GlobalSection(SolutionConfigurationPlatforms) = preSolution
		Debug|Any CPU = Debug|Any CPU
		Release|Any CPU = Release|Any CPU
	EndGlobalSection
	GlobalSection(ProjectConfigurationPlatforms) = postSolution
		{ED1A0EA0-E5F6-4826-94CB-8D1A8CD8ABB1}.Debug|Any CPU.ActiveCfg = Debug|Any CPU
		{ED1A0EA0-E5F6-4826-94CB-8D1A8CD8ABB1}.Debug|Any CPU.Build.0 = Debug|Any CPU
		{ED1A0EA0-E5F6-4826-94CB-8D1A8CD8ABB1}.Release|Any CPU.ActiveCfg = Release|Any CPU
		{ED1A0EA0-E5F6-4826-94CB-8D1A8CD8ABB1}.Release|Any CPU.Build.0 = Release|Any CPU
		{B70AE1C8-53FF-4AD3-BD00-2174518EF222}.Debug|Any CPU.ActiveCfg = Debug|Any CPU
		{B70AE1C8-53FF-4AD3-BD00-2174518EF222}.Debug|Any CPU.Build.0 = Debug|Any CPU
		{B70AE1C8-53FF-4AD3-BD00-2174518EF222}.Release|Any CPU.ActiveCfg = Release|Any CPU
		{B70AE1C8-53FF-4AD3-BD00-2174518EF222}.Release|Any CPU.Build.0 = Release|Any CPU
		{01A992B1-99B4-40A4-99CA-0CCEEBB5EF1A}.Debug|Any CPU.ActiveCfg = Debug|Any CPU
		{01A992B1-99B4-40A4-99CA-0CCEEBB5EF1A}.Debug|Any CPU.Build.0 = Debug|Any CPU
		{01A992B1-99B4-40A4-99CA-0CCEEBB5EF1A}.Release|Any CPU.ActiveCfg = Release|Any CPU
		{01A992B1-99B4-40A4-99CA-0CCEEBB5EF1A}.Release|Any CPU.Build.0 = Release|Any CPU
		{8F9CEE60-EC31-404E-BF42-AF89F0070A50}.Debug|Any CPU.ActiveCfg = Debug|Any CPU
		{8F9CEE60-EC31-404E-BF42-AF89F0070A50}.Debug|Any CPU.Build.0 = Debug|Any CPU
		{8F9CEE60-EC31-404E-BF42-AF89F0070A50}.Release|Any CPU.ActiveCfg = Release|Any CPU
		{8F9CEE60-EC31-404E-BF42-AF89F0070A50}.Release|Any CPU.Build.0 = Release|Any CPU
		{5FCE8865-39E7-4B61-8B6C-73108859EC25}.Debug|Any CPU.ActiveCfg = Debug|Any CPU
		{5FCE8865-39E7-4B61-8B6C-73108859EC25}.Debug|Any CPU.Build.0 = Debug|Any CPU
		{5FCE8865-39E7-4B61-8B6C-73108859EC25}.Release|Any CPU.ActiveCfg = Release|Any CPU
		{5FCE8865-39E7-4B61-8B6C-73108859EC25}.Release|Any CPU.Build.0 = Release|Any CPU
		{1A26A467-D731-4BA2-8C0D-87EBD384F3DE}.Debug|Any CPU.ActiveCfg = Debug|Any CPU
		{1A26A467-D731-4BA2-8C0D-87EBD384F3DE}.Debug|Any CPU.Build.0 = Debug|Any CPU
		{1A26A467-D731-4BA2-8C0D-87EBD384F3DE}.Release|Any CPU.ActiveCfg = Release|Any CPU
		{1A26A467-D731-4BA2-8C0D-87EBD384F3DE}.Release|Any CPU.Build.0 = Release|Any CPU
	EndGlobalSection
EndGlobal
